
Microsoft Visual Studio Solution File, Format Version 12.00
# Visual Studio 15
VisualStudioVersion = 15.0.28307.421
MinimumVisualStudioVersion = 10.0.40219.1
Project("{2150E333-8FDC-42A3-9474-1A3956D46DE8}") = "Solution Items", "Solution Items", "{AF70FB0A-10D4-4954-B149-53ED0E330F1C}"
	ProjectSection(SolutionItems) = preProject
		.editorconfig = .editorconfig
		.gitignore = .gitignore
		LICENSE = LICENSE
		NOTICE.md = NOTICE.md
		README.md = README.md
	EndProjectSection
EndProject
Project("{FAE04EC0-301F-11D3-BF4B-00C04F79EFBC}") = "Gouter", "Gouter\Gouter.csproj", "{F064CF3F-DB1E-41DE-BF6E-A352059D0D9D}"
EndProject
Project("{FAE04EC0-301F-11D3-BF4B-00C04F79EFBC}") = "Gouter-Test", "Gouter-Test\Gouter-Test.csproj", "{99C5E812-A6E5-4375-A7F2-ACCAD061DD6A}"
EndProject
Global
	GlobalSection(SolutionConfigurationPlatforms) = preSolution
		Debug|Any CPU = Debug|Any CPU
		Release|Any CPU = Release|Any CPU
	EndGlobalSection
	GlobalSection(ProjectConfigurationPlatforms) = postSolution
		{F064CF3F-DB1E-41DE-BF6E-A352059D0D9D}.Debug|Any CPU.ActiveCfg = Debug|Any CPU
		{F064CF3F-DB1E-41DE-BF6E-A352059D0D9D}.Debug|Any CPU.Build.0 = Debug|Any CPU
		{F064CF3F-DB1E-41DE-BF6E-A352059D0D9D}.Release|Any CPU.ActiveCfg = Release|Any CPU
		{F064CF3F-DB1E-41DE-BF6E-A352059D0D9D}.Release|Any CPU.Build.0 = Release|Any CPU
		{99C5E812-A6E5-4375-A7F2-ACCAD061DD6A}.Debug|Any CPU.ActiveCfg = Debug|Any CPU
		{99C5E812-A6E5-4375-A7F2-ACCAD061DD6A}.Debug|Any CPU.Build.0 = Debug|Any CPU
		{99C5E812-A6E5-4375-A7F2-ACCAD061DD6A}.Release|Any CPU.ActiveCfg = Release|Any CPU
		{99C5E812-A6E5-4375-A7F2-ACCAD061DD6A}.Release|Any CPU.Build.0 = Release|Any CPU
	EndGlobalSection
	GlobalSection(SolutionProperties) = preSolution
		HideSolutionNode = FALSE
	EndGlobalSection
	GlobalSection(ExtensibilityGlobals) = postSolution
		SolutionGuid = {BFFFEAB3-4B03-4E5E-A7B4-B185CF4F427E}
	EndGlobalSection
EndGlobal
